
Microsoft Visual Studio Solution File, Format Version 12.00
# Visual Studio Version 17
VisualStudioVersion = 17.14.36121.58 d17.14
MinimumVisualStudioVersion = 10.0.40219.1
Project("{FAE04EC0-301F-11D3-BF4B-00C04F79EFBC}") = "SampleDotNetRepositoryPatternDapper.Core", "SampleDotNetRepositoryPatternDapper.Core\SampleDotNetRepositoryPatternDapper.Core.csproj", "{EEA3AFCA-9D7A-4F8D-823F-D457C20951C3}"
EndProject
Project("{FAE04EC0-301F-11D3-BF4B-00C04F79EFBC}") = "SampleDotNetRepositoryPatternDapper.App", "SampleDotNetRepositoryPatternDapper.App\SampleDotNetRepositoryPatternDapper.App.csproj", "{51ABFAB3-009E-4263-A5A5-B2572217326C}"
EndProject
Project("{FAE04EC0-301F-11D3-BF4B-00C04F79EFBC}") = "SampleDotNetRepositoryPatternDapper.Infra", "SampleDotNetRepositoryPatternDapper.Infra\SampleDotNetRepositoryPatternDapper.Infra.csproj", "{36E06A66-DFD6-4CAE-950F-A1B0A7A58297}"
EndProject
Project("{FAE04EC0-301F-11D3-BF4B-00C04F79EFBC}") = "SampleDotNetRepositoryPatternDapper.API", "SampleDotNetRepositoryPatternDapper.API\SampleDotNetRepositoryPatternDapper.API.csproj", "{29EAE1A1-9124-4055-A832-7D39388010B4}"
EndProject
Global
	GlobalSection(SolutionConfigurationPlatforms) = preSolution
		Debug|Any CPU = Debug|Any CPU
		Release|Any CPU = Release|Any CPU
	EndGlobalSection
	GlobalSection(ProjectConfigurationPlatforms) = postSolution
		{EEA3AFCA-9D7A-4F8D-823F-D457C20951C3}.Debug|Any CPU.ActiveCfg = Debug|Any CPU
		{EEA3AFCA-9D7A-4F8D-823F-D457C20951C3}.Debug|Any CPU.Build.0 = Debug|Any CPU
		{EEA3AFCA-9D7A-4F8D-823F-D457C20951C3}.Release|Any CPU.ActiveCfg = Release|Any CPU
		{EEA3AFCA-9D7A-4F8D-823F-D457C20951C3}.Release|Any CPU.Build.0 = Release|Any CPU
		{51ABFAB3-009E-4263-A5A5-B2572217326C}.Debug|Any CPU.ActiveCfg = Debug|Any CPU
		{51ABFAB3-009E-4263-A5A5-B2572217326C}.Debug|Any CPU.Build.0 = Debug|Any CPU
		{51ABFAB3-009E-4263-A5A5-B2572217326C}.Release|Any CPU.ActiveCfg = Release|Any CPU
		{51ABFAB3-009E-4263-A5A5-B2572217326C}.Release|Any CPU.Build.0 = Release|Any CPU
		{36E06A66-DFD6-4CAE-950F-A1B0A7A58297}.Debug|Any CPU.ActiveCfg = Debug|Any CPU
		{36E06A66-DFD6-4CAE-950F-A1B0A7A58297}.Debug|Any CPU.Build.0 = Debug|Any CPU
		{36E06A66-DFD6-4CAE-950F-A1B0A7A58297}.Release|Any CPU.ActiveCfg = Release|Any CPU
		{36E06A66-DFD6-4CAE-950F-A1B0A7A58297}.Release|Any CPU.Build.0 = Release|Any CPU
		{29EAE1A1-9124-4055-A832-7D39388010B4}.Debug|Any CPU.ActiveCfg = Debug|Any CPU
		{29EAE1A1-9124-4055-A832-7D39388010B4}.Debug|Any CPU.Build.0 = Debug|Any CPU
		{29EAE1A1-9124-4055-A832-7D39388010B4}.Release|Any CPU.ActiveCfg = Release|Any CPU
		{29EAE1A1-9124-4055-A832-7D39388010B4}.Release|Any CPU.Build.0 = Release|Any CPU
	EndGlobalSection
	GlobalSection(SolutionProperties) = preSolution
		HideSolutionNode = FALSE
	EndGlobalSection
	GlobalSection(ExtensibilityGlobals) = postSolution
		SolutionGuid = {56BAE196-F1E7-4BAE-AFEB-126E138CF5AB}
	EndGlobalSection
EndGlobal
